
Microsoft Visual Studio Solution File, Format Version 12.00
# Visual Studio 15
VisualStudioVersion = 15.0.28307.489
MinimumVisualStudioVersion = 10.0.40219.1
Project("{FAE04EC0-301F-11D3-BF4B-00C04F79EFBC}") = "EyeBleacher", "EyeBleacher\EyeBleacher.csproj", "{2D28F4FB-964C-412C-9D98-FBC07E25E211}"
EndProject
Global
	GlobalSection(SolutionConfigurationPlatforms) = preSolution
		Debug|Any CPU = Debug|Any CPU
		Release|Any CPU = Release|Any CPU
	EndGlobalSection
	GlobalSection(ProjectConfigurationPlatforms) = postSolution
		{2D28F4FB-964C-412C-9D98-FBC07E25E211}.Debug|Any CPU.ActiveCfg = Debug|Any CPU
		{2D28F4FB-964C-412C-9D98-FBC07E25E211}.Debug|Any CPU.Build.0 = Debug|Any CPU
		{2D28F4FB-964C-412C-9D98-FBC07E25E211}.Release|Any CPU.ActiveCfg = Release|Any CPU
		{2D28F4FB-964C-412C-9D98-FBC07E25E211}.Release|Any CPU.Build.0 = Release|Any CPU
	EndGlobalSection
	GlobalSection(SolutionProperties) = preSolution
		HideSolutionNode = FALSE
	EndGlobalSection
	GlobalSection(ExtensibilityGlobals) = postSolution
		SolutionGuid = {7D015E09-4A94-4C39-89C8-1F9ACDE0F170}
	EndGlobalSection
EndGlobal
